
Microsoft Visual Studio Solution File, Format Version 12.00
# Visual Studio Version 17
VisualStudioVersion = 17.9.34728.123
MinimumVisualStudioVersion = 10.0.40219.1
Project("{9A19103F-16F7-4668-BE54-9A1E7A4F7556}") = "TasksTracker.TasksManager.Backend.Api", "TasksTracker.TasksManager.Backend.Api.csproj", "{66DF28C2-F87F-4C3E-B3FF-F36171A5382B}"
EndProject
Global
	GlobalSection(SolutionConfigurationPlatforms) = preSolution
		Debug|Any CPU = Debug|Any CPU
		Release|Any CPU = Release|Any CPU
	EndGlobalSection
	GlobalSection(ProjectConfigurationPlatforms) = postSolution
		{66DF28C2-F87F-4C3E-B3FF-F36171A5382B}.Debug|Any CPU.ActiveCfg = Debug|Any CPU
		{66DF28C2-F87F-4C3E-B3FF-F36171A5382B}.Debug|Any CPU.Build.0 = Debug|Any CPU
		{66DF28C2-F87F-4C3E-B3FF-F36171A5382B}.Release|Any CPU.ActiveCfg = Release|Any CPU
		{66DF28C2-F87F-4C3E-B3FF-F36171A5382B}.Release|Any CPU.Build.0 = Release|Any CPU
	EndGlobalSection
	GlobalSection(SolutionProperties) = preSolution
		HideSolutionNode = FALSE
	EndGlobalSection
	GlobalSection(ExtensibilityGlobals) = postSolution
		SolutionGuid = {681A594C-7F96-4236-8208-8F6AA76DFF5C}
	EndGlobalSection
EndGlobal
